
Microsoft Visual Studio Solution File, Format Version 12.00
# Visual Studio 15
VisualStudioVersion = 15.0.27428.2027
MinimumVisualStudioVersion = 10.0.40219.1
Project("{FAE04EC0-301F-11D3-BF4B-00C04F79EFBC}") = "ComeauBlackJack", "ComeauBlackJack\ComeauBlackJack.csproj", "{1928A31C-83B4-4FE6-A7B9-D702AF55DFCE}"
EndProject
Global
	GlobalSection(SolutionConfigurationPlatforms) = preSolution
		Debug|Any CPU = Debug|Any CPU
		Release|Any CPU = Release|Any CPU
	EndGlobalSection
	GlobalSection(ProjectConfigurationPlatforms) = postSolution
		{1928A31C-83B4-4FE6-A7B9-D702AF55DFCE}.Debug|Any CPU.ActiveCfg = Debug|Any CPU
		{1928A31C-83B4-4FE6-A7B9-D702AF55DFCE}.Debug|Any CPU.Build.0 = Debug|Any CPU
		{1928A31C-83B4-4FE6-A7B9-D702AF55DFCE}.Release|Any CPU.ActiveCfg = Release|Any CPU
		{1928A31C-83B4-4FE6-A7B9-D702AF55DFCE}.Release|Any CPU.Build.0 = Release|Any CPU
	EndGlobalSection
	GlobalSection(SolutionProperties) = preSolution
		HideSolutionNode = FALSE
	EndGlobalSection
	GlobalSection(ExtensibilityGlobals) = postSolution
		SolutionGuid = {23D55E4A-D887-40D9-A8A9-AB12B16D2F86}
	EndGlobalSection
EndGlobal
